
Microsoft Visual Studio Solution File, Format Version 12.00
# Visual Studio Version 16
VisualStudioVersion = 16.0.30717.126
MinimumVisualStudioVersion = 10.0.40219.1
Project("{FAE04EC0-301F-11D3-BF4B-00C04F79EFBC}") = "ProyectoFinal", "ProyectoFinal.csproj", "{9E061784-7450-4CD1-A060-058FA2B5FC33}"
EndProject
Project("{2150E333-8FDC-42A3-9474-1A3956D46DE8}") = "Solution Items", "Solution Items", "{6CF7E05F-BF81-4995-BBF1-ED54DB6B967A}"
	ProjectSection(SolutionItems) = preProject
		.editorconfig = .editorconfig
	EndProjectSection
EndProject
Project("{FAE04EC0-301F-11D3-BF4B-00C04F79EFBC}") = "AppEntities", "AppEntities\AppEntities.csproj", "{A66C2FB2-3FB8-4E16-A6E6-6D424CC640AD}"
EndProject
Project("{FAE04EC0-301F-11D3-BF4B-00C04F79EFBC}") = "AppDAL", "AppDAL\AppDAL.csproj", "{0BF2F8FB-67F9-488C-85C6-8FFDFEBE9DB8}"
EndProject
Project("{FAE04EC0-301F-11D3-BF4B-00C04F79EFBC}") = "AppBLL", "AppBLL\AppBLL.csproj", "{13617AE3-BB1C-4818-A78C-78D20F5647E3}"
EndProject
Global
	GlobalSection(SolutionConfigurationPlatforms) = preSolution
		Debug|Any CPU = Debug|Any CPU
		Release|Any CPU = Release|Any CPU
	EndGlobalSection
	GlobalSection(ProjectConfigurationPlatforms) = postSolution
		{9E061784-7450-4CD1-A060-058FA2B5FC33}.Debug|Any CPU.ActiveCfg = Debug|Any CPU
		{9E061784-7450-4CD1-A060-058FA2B5FC33}.Debug|Any CPU.Build.0 = Debug|Any CPU
		{9E061784-7450-4CD1-A060-058FA2B5FC33}.Release|Any CPU.ActiveCfg = Release|Any CPU
		{9E061784-7450-4CD1-A060-058FA2B5FC33}.Release|Any CPU.Build.0 = Release|Any CPU
		{A66C2FB2-3FB8-4E16-A6E6-6D424CC640AD}.Debug|Any CPU.ActiveCfg = Debug|Any CPU
		{A66C2FB2-3FB8-4E16-A6E6-6D424CC640AD}.Debug|Any CPU.Build.0 = Debug|Any CPU
		{A66C2FB2-3FB8-4E16-A6E6-6D424CC640AD}.Release|Any CPU.ActiveCfg = Release|Any CPU
		{A66C2FB2-3FB8-4E16-A6E6-6D424CC640AD}.Release|Any CPU.Build.0 = Release|Any CPU
		{0BF2F8FB-67F9-488C-85C6-8FFDFEBE9DB8}.Debug|Any CPU.ActiveCfg = Debug|Any CPU
		{0BF2F8FB-67F9-488C-85C6-8FFDFEBE9DB8}.Debug|Any CPU.Build.0 = Debug|Any CPU
		{0BF2F8FB-67F9-488C-85C6-8FFDFEBE9DB8}.Release|Any CPU.ActiveCfg = Release|Any CPU
		{0BF2F8FB-67F9-488C-85C6-8FFDFEBE9DB8}.Release|Any CPU.Build.0 = Release|Any CPU
		{13617AE3-BB1C-4818-A78C-78D20F5647E3}.Debug|Any CPU.ActiveCfg = Debug|Any CPU
		{13617AE3-BB1C-4818-A78C-78D20F5647E3}.Debug|Any CPU.Build.0 = Debug|Any CPU
		{13617AE3-BB1C-4818-A78C-78D20F5647E3}.Release|Any CPU.ActiveCfg = Release|Any CPU
		{13617AE3-BB1C-4818-A78C-78D20F5647E3}.Release|Any CPU.Build.0 = Release|Any CPU
	EndGlobalSection
	GlobalSection(SolutionProperties) = preSolution
		HideSolutionNode = FALSE
	EndGlobalSection
	GlobalSection(ExtensibilityGlobals) = postSolution
		SolutionGuid = {17C682A0-CE2B-4E4B-95AA-DD114F094C44}
	EndGlobalSection
EndGlobal
